
Microsoft Visual Studio Solution File, Format Version 12.00
# Visual Studio Version 17
VisualStudioVersion = 17.8.34525.116
MinimumVisualStudioVersion = 10.0.40219.1
Project("{2150E333-8FDC-42A3-9474-1A3956D46DE8}") = "src", "src", "{AEDD1F9D-E2D5-48D1-A580-96B80F8B6B99}"
EndProject
Project("{2150E333-8FDC-42A3-9474-1A3956D46DE8}") = "AkongBlogCore", "AkongBlogCore", "{3AC8AF07-063B-4DA4-A81F-EF47BAAEC600}"
EndProject
Project("{9A19103F-16F7-4668-BE54-9A1E7A4F7556}") = "Domain", "Domain\Domain.csproj", "{FF8CFA4B-D2AD-4C0F-90A1-2E2B4A3F88B5}"
EndProject
Project("{9A19103F-16F7-4668-BE54-9A1E7A4F7556}") = "Application", "Application\Application.csproj", "{31EFF657-837B-4042-A09E-66A7A24E9861}"
EndProject
Project("{2150E333-8FDC-42A3-9474-1A3956D46DE8}") = "AkongBlogInfrastructure", "AkongBlogInfrastructure", "{A235BD43-A7C5-4D06-B612-D3F3FD09522D}"
EndProject
Project("{9A19103F-16F7-4668-BE54-9A1E7A4F7556}") = "Infrastructure", "Infrastructure\Infrastructure.csproj", "{16A4DBFF-D9DB-4DCA-A0BC-5C4F7C82BED2}"
EndProject
Project("{2150E333-8FDC-42A3-9474-1A3956D46DE8}") = "AkongBlogPresentation", "AkongBlogPresentation", "{57B1A956-FBFE-4ABF-9757-D8EFAC3D2681}"
EndProject
Project("{9A19103F-16F7-4668-BE54-9A1E7A4F7556}") = "AkongBlogWeb", "AkongBlogWeb\AkongBlogWeb.csproj", "{58B7668E-8BBD-4813-A096-466B150EB75A}"
EndProject
Global
	GlobalSection(SolutionConfigurationPlatforms) = preSolution
		Debug|Any CPU = Debug|Any CPU
		Release|Any CPU = Release|Any CPU
	EndGlobalSection
	GlobalSection(ProjectConfigurationPlatforms) = postSolution
		{FF8CFA4B-D2AD-4C0F-90A1-2E2B4A3F88B5}.Debug|Any CPU.ActiveCfg = Debug|Any CPU
		{FF8CFA4B-D2AD-4C0F-90A1-2E2B4A3F88B5}.Debug|Any CPU.Build.0 = Debug|Any CPU
		{FF8CFA4B-D2AD-4C0F-90A1-2E2B4A3F88B5}.Release|Any CPU.ActiveCfg = Release|Any CPU
		{FF8CFA4B-D2AD-4C0F-90A1-2E2B4A3F88B5}.Release|Any CPU.Build.0 = Release|Any CPU
		{31EFF657-837B-4042-A09E-66A7A24E9861}.Debug|Any CPU.ActiveCfg = Debug|Any CPU
		{31EFF657-837B-4042-A09E-66A7A24E9861}.Debug|Any CPU.Build.0 = Debug|Any CPU
		{31EFF657-837B-4042-A09E-66A7A24E9861}.Release|Any CPU.ActiveCfg = Release|Any CPU
		{31EFF657-837B-4042-A09E-66A7A24E9861}.Release|Any CPU.Build.0 = Release|Any CPU
		{16A4DBFF-D9DB-4DCA-A0BC-5C4F7C82BED2}.Debug|Any CPU.ActiveCfg = Debug|Any CPU
		{16A4DBFF-D9DB-4DCA-A0BC-5C4F7C82BED2}.Debug|Any CPU.Build.0 = Debug|Any CPU
		{16A4DBFF-D9DB-4DCA-A0BC-5C4F7C82BED2}.Release|Any CPU.ActiveCfg = Release|Any CPU
		{16A4DBFF-D9DB-4DCA-A0BC-5C4F7C82BED2}.Release|Any CPU.Build.0 = Release|Any CPU
		{58B7668E-8BBD-4813-A096-466B150EB75A}.Debug|Any CPU.ActiveCfg = Debug|Any CPU
		{58B7668E-8BBD-4813-A096-466B150EB75A}.Debug|Any CPU.Build.0 = Debug|Any CPU
		{58B7668E-8BBD-4813-A096-466B150EB75A}.Release|Any CPU.ActiveCfg = Release|Any CPU
		{58B7668E-8BBD-4813-A096-466B150EB75A}.Release|Any CPU.Build.0 = Release|Any CPU
	EndGlobalSection
	GlobalSection(SolutionProperties) = preSolution
		HideSolutionNode = FALSE
	EndGlobalSection
	GlobalSection(NestedProjects) = preSolution
		{3AC8AF07-063B-4DA4-A81F-EF47BAAEC600} = {AEDD1F9D-E2D5-48D1-A580-96B80F8B6B99}
		{FF8CFA4B-D2AD-4C0F-90A1-2E2B4A3F88B5} = {3AC8AF07-063B-4DA4-A81F-EF47BAAEC600}
		{31EFF657-837B-4042-A09E-66A7A24E9861} = {3AC8AF07-063B-4DA4-A81F-EF47BAAEC600}
		{A235BD43-A7C5-4D06-B612-D3F3FD09522D} = {AEDD1F9D-E2D5-48D1-A580-96B80F8B6B99}
		{16A4DBFF-D9DB-4DCA-A0BC-5C4F7C82BED2} = {A235BD43-A7C5-4D06-B612-D3F3FD09522D}
		{57B1A956-FBFE-4ABF-9757-D8EFAC3D2681} = {AEDD1F9D-E2D5-48D1-A580-96B80F8B6B99}
		{58B7668E-8BBD-4813-A096-466B150EB75A} = {57B1A956-FBFE-4ABF-9757-D8EFAC3D2681}
	EndGlobalSection
	GlobalSection(ExtensibilityGlobals) = postSolution
		SolutionGuid = {DC43721F-77A4-4024-90B6-0E767030F36C}
	EndGlobalSection
EndGlobal
